// !$*UTF8*$!
{
	archiveVersion = 1;
	classes = {
	};
	objectVersion = 50;
	objects = {

/* Begin PBXBuildFile section */
		9C0CF162214ADF8000B4B9E4 /* BaseViewController.swift in Sources */ = {isa = PBXBuildFile; fileRef = 9C0CF161214ADF8000B4B9E4 /* BaseViewController.swift */; };
		9C0CF164214AE5E000B4B9E4 /* Link.swift in Sources */ = {isa = PBXBuildFile; fileRef = 9C0CF163214AE5E000B4B9E4 /* Link.swift */; };
		9C0CF166214AF06D00B4B9E4 /* WebPageController.swift in Sources */ = {isa = PBXBuildFile; fileRef = 9C0CF165214AF06D00B4B9E4 /* WebPageController.swift */; };
		9C0CF168214AF9E100B4B9E4 /* EmptyBackgroundView.swift in Sources */ = {isa = PBXBuildFile; fileRef = 9C0CF167214AF9E100B4B9E4 /* EmptyBackgroundView.swift */; };
		9C0CF16C214B01FA00B4B9E4 /* CachedImageView.swift in Sources */ = {isa = PBXBuildFile; fileRef = 9C0CF16B214B01FA00B4B9E4 /* CachedImageView.swift */; };
		9C0CF16F214B025900B4B9E4 /* DiscardableImageCacheItem.swift in Sources */ = {isa = PBXBuildFile; fileRef = 9C0CF16E214B025900B4B9E4 /* DiscardableImageCacheItem.swift */; };
		9C0CF172214B0AF200B4B9E4 /* MovieReviewViewModel.swift in Sources */ = {isa = PBXBuildFile; fileRef = 9C0CF171214B0AF200B4B9E4 /* MovieReviewViewModel.swift */; };
		9C0CF175214B0E4F00B4B9E4 /* String+ConvertDateString.swift in Sources */ = {isa = PBXBuildFile; fileRef = 9C0CF174214B0E4F00B4B9E4 /* String+ConvertDateString.swift */; };
		9C0CF178214B0E9300B4B9E4 /* DateFormat.swift in Sources */ = {isa = PBXBuildFile; fileRef = 9C0CF177214B0E9300B4B9E4 /* DateFormat.swift */; };
		9CBB26D12149CDA900D91A6C /* AppDelegate.swift in Sources */ = {isa = PBXBuildFile; fileRef = 9CBB26D02149CDA900D91A6C /* AppDelegate.swift */; };
		9CBB26D32149CDA900D91A6C /* MovieReviewViewController.swift in Sources */ = {isa = PBXBuildFile; fileRef = 9CBB26D22149CDA900D91A6C /* MovieReviewViewController.swift */; };
		9CBB26D62149CDA900D91A6C /* Main.storyboard in Resources */ = {isa = PBXBuildFile; fileRef = 9CBB26D42149CDA900D91A6C /* Main.storyboard */; };
		9CBB26D82149CDAB00D91A6C /* Assets.xcassets in Resources */ = {isa = PBXBuildFile; fileRef = 9CBB26D72149CDAB00D91A6C /* Assets.xcassets */; };
		9CBB26DB2149CDAB00D91A6C /* LaunchScreen.storyboard in Resources */ = {isa = PBXBuildFile; fileRef = 9CBB26D92149CDAB00D91A6C /* LaunchScreen.storyboard */; };
		9CBB26E62149CDAB00D91A6C /* NYMovieReviewsTests.swift in Sources */ = {isa = PBXBuildFile; fileRef = 9CBB26E52149CDAB00D91A6C /* NYMovieReviewsTests.swift */; };
		9CBB26F12149CDAB00D91A6C /* NYMovieReviewsUITests.swift in Sources */ = {isa = PBXBuildFile; fileRef = 9CBB26F02149CDAB00D91A6C /* NYMovieReviewsUITests.swift */; };
		9CBB27012149CDEE00D91A6C /* NYMoviesAPI.swift in Sources */ = {isa = PBXBuildFile; fileRef = 9CBB27002149CDEE00D91A6C /* NYMoviesAPI.swift */; };
		9CBB27032149CEC700D91A6C /* MoviesEndpointRouter.swift in Sources */ = {isa = PBXBuildFile; fileRef = 9CBB27022149CEC700D91A6C /* MoviesEndpointRouter.swift */; };
		9CBB27072149D2C400D91A6C /* EndPointProtocol.swift in Sources */ = {isa = PBXBuildFile; fileRef = 9CBB27062149D2C400D91A6C /* EndPointProtocol.swift */; };
		9CBB270B2149D3FB00D91A6C /* MovieReviewService.swift in Sources */ = {isa = PBXBuildFile; fileRef = 9CBB270A2149D3FB00D91A6C /* MovieReviewService.swift */; };
		9CBB270D2149D41300D91A6C /* BaseService.swift in Sources */ = {isa = PBXBuildFile; fileRef = 9CBB270C2149D41300D91A6C /* BaseService.swift */; };
		9CBB27112149D61F00D91A6C /* MovieNetworkError.swift in Sources */ = {isa = PBXBuildFile; fileRef = 9CBB27102149D61F00D91A6C /* MovieNetworkError.swift */; };
		9CBB27142149D72400D91A6C /* MovieReview.swift in Sources */ = {isa = PBXBuildFile; fileRef = 9CBB27132149D72400D91A6C /* MovieReview.swift */; };
		9CBB27162149D81000D91A6C /* Multimedia.swift in Sources */ = {isa = PBXBuildFile; fileRef = 9CBB27152149D81000D91A6C /* Multimedia.swift */; };
		9CBB27182149D93600D91A6C /* MovieResponse.swift in Sources */ = {isa = PBXBuildFile; fileRef = 9CBB27172149D93600D91A6C /* MovieResponse.swift */; };
		9CBB271B2149DB9C00D91A6C /* BaseManager.swift in Sources */ = {isa = PBXBuildFile; fileRef = 9CBB271A2149DB9C00D91A6C /* BaseManager.swift */; };
		9CBB271D2149DC2300D91A6C /* MovieReviewManager.swift in Sources */ = {isa = PBXBuildFile; fileRef = 9CBB271C2149DC2300D91A6C /* MovieReviewManager.swift */; };
		9CBB271F2149DE1100D91A6C /* CodingErrors.swift in Sources */ = {isa = PBXBuildFile; fileRef = 9CBB271E2149DE1100D91A6C /* CodingErrors.swift */; };
		9CBB2729214A3AC700D91A6C /* BaseTableView.swift in Sources */ = {isa = PBXBuildFile; fileRef = 9CBB2728214A3AC700D91A6C /* BaseTableView.swift */; };
		9CBB272C214A3C1500D91A6C /* MovieReviewCell.swift in Sources */ = {isa = PBXBuildFile; fileRef = 9CBB272A214A3C1500D91A6C /* MovieReviewCell.swift */; };
		9CBB272D214A3C1500D91A6C /* MovieReviewCell.xib in Resources */ = {isa = PBXBuildFile; fileRef = 9CBB272B214A3C1500D91A6C /* MovieReviewCell.xib */; };
		9CBB272F214A454A00D91A6C /* BaseTableViewCell.swift in Sources */ = {isa = PBXBuildFile; fileRef = 9CBB272E214A454A00D91A6C /* BaseTableViewCell.swift */; };
		9CBB2731214A4C9000D91A6C /* MovieReviewTableView.swift in Sources */ = {isa = PBXBuildFile; fileRef = 9CBB2730214A4C9000D91A6C /* MovieReviewTableView.swift */; };
		9CBB2733214A562200D91A6C /* BaseInteractor.swift in Sources */ = {isa = PBXBuildFile; fileRef = 9CBB2732214A562200D91A6C /* BaseInteractor.swift */; };
		9CBB2735214A5A8100D91A6C /* LocatableManager.swift in Sources */ = {isa = PBXBuildFile; fileRef = 9CBB2734214A5A8100D91A6C /* LocatableManager.swift */; };
		9CBB2738214A5D5B00D91A6C /* MovieReviewInteractor.swift in Sources */ = {isa = PBXBuildFile; fileRef = 9CBB2737214A5D5B00D91A6C /* MovieReviewInteractor.swift */; };
		9CBB273A214A64DB00D91A6C /* BasePresenter.swift in Sources */ = {isa = PBXBuildFile; fileRef = 9CBB2739214A64DB00D91A6C /* BasePresenter.swift */; };
		9CBB273C214A661400D91A6C /* MovieReviewPresenter.swift in Sources */ = {isa = PBXBuildFile; fileRef = 9CBB273B214A661400D91A6C /* MovieReviewPresenter.swift */; };
		9CBB273F214A747C00D91A6C /* AlertCreator.swift in Sources */ = {isa = PBXBuildFile; fileRef = 9CBB273E214A747C00D91A6C /* AlertCreator.swift */; };
		9CBB2741214A75E300D91A6C /* ErrorShowable.swift in Sources */ = {isa = PBXBuildFile; fileRef = 9CBB2740214A75E300D91A6C /* ErrorShowable.swift */; };
		9CBB2744214A773400D91A6C /* WireFrame.swift in Sources */ = {isa = PBXBuildFile; fileRef = 9CBB2743214A773400D91A6C /* WireFrame.swift */; };
		9CBB2746214A78BF00D91A6C /* NYMovieError.swift in Sources */ = {isa = PBXBuildFile; fileRef = 9CBB2745214A78BF00D91A6C /* NYMovieError.swift */; };
		9CBB2749214A832100D91A6C /* ThemeColor.swift in Sources */ = {isa = PBXBuildFile; fileRef = 9CBB2748214A832100D91A6C /* ThemeColor.swift */; };
		9CBB274B214A847700D91A6C /* BaseNavigationController.swift in Sources */ = {isa = PBXBuildFile; fileRef = 9CBB274A214A847700D91A6C /* BaseNavigationController.swift */; };
		9CBB274E214A868900D91A6C /* MovieConstants.swift in Sources */ = {isa = PBXBuildFile; fileRef = 9CBB274D214A868900D91A6C /* MovieConstants.swift */; };
		9CBB2750214A953100D91A6C /* ReviewDetailsController.swift in Sources */ = {isa = PBXBuildFile; fileRef = 9CBB274F214A953100D91A6C /* ReviewDetailsController.swift */; };
/* End PBXBuildFile section */

/* Begin PBXContainerItemProxy section */
		9CBB26E22149CDAB00D91A6C /* PBXContainerItemProxy */ = {
			isa = PBXContainerItemProxy;
			containerPortal = 9CBB26C52149CDA900D91A6C /* Project object */;
			proxyType = 1;
			remoteGlobalIDString = 9CBB26CC2149CDA900D91A6C;
			remoteInfo = NYMovieReviews;
		};
		9CBB26ED2149CDAB00D91A6C /* PBXContainerItemProxy */ = {
			isa = PBXContainerItemProxy;
			containerPortal = 9CBB26C52149CDA900D91A6C /* Project object */;
			proxyType = 1;
			remoteGlobalIDString = 9CBB26CC2149CDA900D91A6C;
			remoteInfo = NYMovieReviews;
		};
/* End PBXContainerItemProxy section */

/* Begin PBXFileReference section */
		9C0CF161214ADF8000B4B9E4 /* BaseViewController.swift */ = {isa = PBXFileReference; lastKnownFileType = sourcecode.swift; path = BaseViewController.swift; sourceTree = "<group>"; };
		9C0CF163214AE5E000B4B9E4 /* Link.swift */ = {isa = PBXFileReference; lastKnownFileType = sourcecode.swift; path = Link.swift; sourceTree = "<group>"; };
		9C0CF165214AF06D00B4B9E4 /* WebPageController.swift */ = {isa = PBXFileReference; lastKnownFileType = sourcecode.swift; path = WebPageController.swift; sourceTree = "<group>"; };
		9C0CF167214AF9E100B4B9E4 /* EmptyBackgroundView.swift */ = {isa = PBXFileReference; lastKnownFileType = sourcecode.swift; path = EmptyBackgroundView.swift; sourceTree = "<group>"; };
		9C0CF16B214B01FA00B4B9E4 /* CachedImageView.swift */ = {isa = PBXFileReference; lastKnownFileType = sourcecode.swift; path = CachedImageView.swift; sourceTree = "<group>"; };
		9C0CF16E214B025900B4B9E4 /* DiscardableImageCacheItem.swift */ = {isa = PBXFileReference; lastKnownFileType = sourcecode.swift; path = DiscardableImageCacheItem.swift; sourceTree = "<group>"; };
		9C0CF171214B0AF200B4B9E4 /* MovieReviewViewModel.swift */ = {isa = PBXFileReference; lastKnownFileType = sourcecode.swift; path = MovieReviewViewModel.swift; sourceTree = "<group>"; };
		9C0CF174214B0E4F00B4B9E4 /* String+ConvertDateString.swift */ = {isa = PBXFileReference; lastKnownFileType = sourcecode.swift; path = "String+ConvertDateString.swift"; sourceTree = "<group>"; };
		9C0CF177214B0E9300B4B9E4 /* DateFormat.swift */ = {isa = PBXFileReference; lastKnownFileType = sourcecode.swift; path = DateFormat.swift; sourceTree = "<group>"; };
		9CBB26CD2149CDA900D91A6C /* NYMovieReviews.app */ = {isa = PBXFileReference; explicitFileType = wrapper.application; includeInIndex = 0; path = NYMovieReviews.app; sourceTree = BUILT_PRODUCTS_DIR; };
		9CBB26D02149CDA900D91A6C /* AppDelegate.swift */ = {isa = PBXFileReference; lastKnownFileType = sourcecode.swift; path = AppDelegate.swift; sourceTree = "<group>"; };
		9CBB26D22149CDA900D91A6C /* MovieReviewViewController.swift */ = {isa = PBXFileReference; lastKnownFileType = sourcecode.swift; path = MovieReviewViewController.swift; sourceTree = "<group>"; };
		9CBB26D52149CDA900D91A6C /* Base */ = {isa = PBXFileReference; lastKnownFileType = file.storyboard; name = Base; path = Base.lproj/Main.storyboard; sourceTree = "<group>"; };
		9CBB26D72149CDAB00D91A6C /* Assets.xcassets */ = {isa = PBXFileReference; lastKnownFileType = folder.assetcatalog; path = Assets.xcassets; sourceTree = "<group>"; };
		9CBB26DA2149CDAB00D91A6C /* Base */ = {isa = PBXFileReference; lastKnownFileType = file.storyboard; name = Base; path = Base.lproj/LaunchScreen.storyboard; sourceTree = "<group>"; };
		9CBB26DC2149CDAB00D91A6C /* Info.plist */ = {isa = PBXFileReference; lastKnownFileType = text.plist.xml; path = Info.plist; sourceTree = "<group>"; };
		9CBB26E12149CDAB00D91A6C /* NYMovieReviewsTests.xctest */ = {isa = PBXFileReference; explicitFileType = wrapper.cfbundle; includeInIndex = 0; path = NYMovieReviewsTests.xctest; sourceTree = BUILT_PRODUCTS_DIR; };
		9CBB26E52149CDAB00D91A6C /* NYMovieReviewsTests.swift */ = {isa = PBXFileReference; lastKnownFileType = sourcecode.swift; path = NYMovieReviewsTests.swift; sourceTree = "<group>"; };
		9CBB26E72149CDAB00D91A6C /* Info.plist */ = {isa = PBXFileReference; lastKnownFileType = text.plist.xml; path = Info.plist; sourceTree = "<group>"; };
		9CBB26EC2149CDAB00D91A6C /* NYMovieReviewsUITests.xctest */ = {isa = PBXFileReference; explicitFileType = wrapper.cfbundle; includeInIndex = 0; path = NYMovieReviewsUITests.xctest; sourceTree = BUILT_PRODUCTS_DIR; };
		9CBB26F02149CDAB00D91A6C /* NYMovieReviewsUITests.swift */ = {isa = PBXFileReference; lastKnownFileType = sourcecode.swift; path = NYMovieReviewsUITests.swift; sourceTree = "<group>"; };
		9CBB26F22149CDAB00D91A6C /* Info.plist */ = {isa = PBXFileReference; lastKnownFileType = text.plist.xml; path = Info.plist; sourceTree = "<group>"; };
		9CBB27002149CDEE00D91A6C /* NYMoviesAPI.swift */ = {isa = PBXFileReference; lastKnownFileType = sourcecode.swift; path = NYMoviesAPI.swift; sourceTree = "<group>"; };
		9CBB27022149CEC700D91A6C /* MoviesEndpointRouter.swift */ = {isa = PBXFileReference; lastKnownFileType = sourcecode.swift; path = MoviesEndpointRouter.swift; sourceTree = "<group>"; };
		9CBB27062149D2C400D91A6C /* EndPointProtocol.swift */ = {isa = PBXFileReference; lastKnownFileType = sourcecode.swift; path = EndPointProtocol.swift; sourceTree = "<group>"; };
		9CBB270A2149D3FB00D91A6C /* MovieReviewService.swift */ = {isa = PBXFileReference; lastKnownFileType = sourcecode.swift; path = MovieReviewService.swift; sourceTree = "<group>"; };
		9CBB270C2149D41300D91A6C /* BaseService.swift */ = {isa = PBXFileReference; lastKnownFileType = sourcecode.swift; path = BaseService.swift; sourceTree = "<group>"; };
		9CBB27102149D61F00D91A6C /* MovieNetworkError.swift */ = {isa = PBXFileReference; lastKnownFileType = sourcecode.swift; path = MovieNetworkError.swift; sourceTree = "<group>"; };
		9CBB27132149D72400D91A6C /* MovieReview.swift */ = {isa = PBXFileReference; lastKnownFileType = sourcecode.swift; path = MovieReview.swift; sourceTree = "<group>"; };
		9CBB27152149D81000D91A6C /* Multimedia.swift */ = {isa = PBXFileReference; lastKnownFileType = sourcecode.swift; path = Multimedia.swift; sourceTree = "<group>"; };
		9CBB27172149D93600D91A6C /* MovieResponse.swift */ = {isa = PBXFileReference; lastKnownFileType = sourcecode.swift; path = MovieResponse.swift; sourceTree = "<group>"; };
		9CBB271A2149DB9C00D91A6C /* BaseManager.swift */ = {isa = PBXFileReference; lastKnownFileType = sourcecode.swift; path = BaseManager.swift; sourceTree = "<group>"; };
		9CBB271C2149DC2300D91A6C /* MovieReviewManager.swift */ = {isa = PBXFileReference; lastKnownFileType = sourcecode.swift; path = MovieReviewManager.swift; sourceTree = "<group>"; };
		9CBB271E2149DE1100D91A6C /* CodingErrors.swift */ = {isa = PBXFileReference; lastKnownFileType = sourcecode.swift; path = CodingErrors.swift; sourceTree = "<group>"; };
		9CBB2728214A3AC700D91A6C /* BaseTableView.swift */ = {isa = PBXFileReference; lastKnownFileType = sourcecode.swift; path = BaseTableView.swift; sourceTree = "<group>"; };
		9CBB272A214A3C1500D91A6C /* MovieReviewCell.swift */ = {isa = PBXFileReference; lastKnownFileType = sourcecode.swift; path = MovieReviewCell.swift; sourceTree = "<group>"; };
		9CBB272B214A3C1500D91A6C /* MovieReviewCell.xib */ = {isa = PBXFileReference; lastKnownFileType = file.xib; path = MovieReviewCell.xib; sourceTree = "<group>"; };
		9CBB272E214A454A00D91A6C /* BaseTableViewCell.swift */ = {isa = PBXFileReference; lastKnownFileType = sourcecode.swift; path = BaseTableViewCell.swift; sourceTree = "<group>"; };
		9CBB2730214A4C9000D91A6C /* MovieReviewTableView.swift */ = {isa = PBXFileReference; lastKnownFileType = sourcecode.swift; path = MovieReviewTableView.swift; sourceTree = "<group>"; };
		9CBB2732214A562200D91A6C /* BaseInteractor.swift */ = {isa = PBXFileReference; lastKnownFileType = sourcecode.swift; path = BaseInteractor.swift; sourceTree = "<group>"; };
		9CBB2734214A5A8100D91A6C /* LocatableManager.swift */ = {isa = PBXFileReference; lastKnownFileType = sourcecode.swift; path = LocatableManager.swift; sourceTree = "<group>"; };
		9CBB2737214A5D5B00D91A6C /* MovieReviewInteractor.swift */ = {isa = PBXFileReference; lastKnownFileType = sourcecode.swift; path = MovieReviewInteractor.swift; sourceTree = "<group>"; };
		9CBB2739214A64DB00D91A6C /* BasePresenter.swift */ = {isa = PBXFileReference; lastKnownFileType = sourcecode.swift; path = BasePresenter.swift; sourceTree = "<group>"; };
		9CBB273B214A661400D91A6C /* MovieReviewPresenter.swift */ = {isa = PBXFileReference; lastKnownFileType = sourcecode.swift; path = MovieReviewPresenter.swift; sourceTree = "<group>"; };
		9CBB273E214A747C00D91A6C /* AlertCreator.swift */ = {isa = PBXFileReference; lastKnownFileType = sourcecode.swift; path = AlertCreator.swift; sourceTree = "<group>"; };
		9CBB2740214A75E300D91A6C /* ErrorShowable.swift */ = {isa = PBXFileReference; lastKnownFileType = sourcecode.swift; path = ErrorShowable.swift; sourceTree = "<group>"; };
		9CBB2743214A773400D91A6C /* WireFrame.swift */ = {isa = PBXFileReference; lastKnownFileType = sourcecode.swift; path = WireFrame.swift; sourceTree = "<group>"; };
		9CBB2745214A78BF00D91A6C /* NYMovieError.swift */ = {isa = PBXFileReference; lastKnownFileType = sourcecode.swift; path = NYMovieError.swift; sourceTree = "<group>"; };
		9CBB2748214A832100D91A6C /* ThemeColor.swift */ = {isa = PBXFileReference; lastKnownFileType = sourcecode.swift; path = ThemeColor.swift; sourceTree = "<group>"; };
		9CBB274A214A847700D91A6C /* BaseNavigationController.swift */ = {isa = PBXFileReference; lastKnownFileType = sourcecode.swift; path = BaseNavigationController.swift; sourceTree = "<group>"; };
		9CBB274D214A868900D91A6C /* MovieConstants.swift */ = {isa = PBXFileReference; lastKnownFileType = sourcecode.swift; path = MovieConstants.swift; sourceTree = "<group>"; };
		9CBB274F214A953100D91A6C /* ReviewDetailsController.swift */ = {isa = PBXFileReference; lastKnownFileType = sourcecode.swift; path = ReviewDetailsController.swift; sourceTree = "<group>"; };
/* End PBXFileReference section */

/* Begin PBXFrameworksBuildPhase section */
		9CBB26CA2149CDA900D91A6C /* Frameworks */ = {
			isa = PBXFrameworksBuildPhase;
			buildActionMask = 2147483647;
			files = (
			);
			runOnlyForDeploymentPostprocessing = 0;
		};
		9CBB26DE2149CDAB00D91A6C /* Frameworks */ = {
			isa = PBXFrameworksBuildPhase;
			buildActionMask = 2147483647;
			files = (
			);
			runOnlyForDeploymentPostprocessing = 0;
		};
		9CBB26E92149CDAB00D91A6C /* Frameworks */ = {
			isa = PBXFrameworksBuildPhase;
			buildActionMask = 2147483647;
			files = (
			);
			runOnlyForDeploymentPostprocessing = 0;
		};
/* End PBXFrameworksBuildPhase section */

/* Begin PBXGroup section */
		9C0CF169214B018100B4B9E4 /* Cells */ = {
			isa = PBXGroup;
			children = (
				9CBB272A214A3C1500D91A6C /* MovieReviewCell.swift */,
				9CBB272E214A454A00D91A6C /* BaseTableViewCell.swift */,
			);
			path = Cells;
			sourceTree = "<group>";
		};
		9C0CF16A214B01A400B4B9E4 /* Tables */ = {
			isa = PBXGroup;
			children = (
				9CBB2730214A4C9000D91A6C /* MovieReviewTableView.swift */,
				9CBB2728214A3AC700D91A6C /* BaseTableView.swift */,
			);
			path = Tables;
			sourceTree = "<group>";
		};
		9C0CF16D214B023100B4B9E4 /* Images */ = {
			isa = PBXGroup;
			children = (
				9C0CF16B214B01FA00B4B9E4 /* CachedImageView.swift */,
				9C0CF16E214B025900B4B9E4 /* DiscardableImageCacheItem.swift */,
			);
			path = Images;
			sourceTree = "<group>";
		};
		9C0CF170214B08C900B4B9E4 /* ViewModels */ = {
			isa = PBXGroup;
			children = (
				9C0CF171214B0AF200B4B9E4 /* MovieReviewViewModel.swift */,
			);
			path = ViewModels;
			sourceTree = "<group>";
		};
		9C0CF173214B0B1100B4B9E4 /* Extensions */ = {
			isa = PBXGroup;
			children = (
				9C0CF174214B0E4F00B4B9E4 /* String+ConvertDateString.swift */,
			);
			path = Extensions;
			sourceTree = "<group>";
		};
		9C0CF176214B0E7B00B4B9E4 /* Formats */ = {
			isa = PBXGroup;
			children = (
				9C0CF177214B0E9300B4B9E4 /* DateFormat.swift */,
			);
			path = Formats;
			sourceTree = "<group>";
		};
		9CBB26C42149CDA900D91A6C = {
			isa = PBXGroup;
			children = (
				9CBB26CF2149CDA900D91A6C /* NYMovieReviews */,
				9CBB26E42149CDAB00D91A6C /* NYMovieReviewsTests */,
				9CBB26EF2149CDAB00D91A6C /* NYMovieReviewsUITests */,
				9CBB26CE2149CDA900D91A6C /* Products */,
			);
			sourceTree = "<group>";
		};
		9CBB26CE2149CDA900D91A6C /* Products */ = {
			isa = PBXGroup;
			children = (
				9CBB26CD2149CDA900D91A6C /* NYMovieReviews.app */,
				9CBB26E12149CDAB00D91A6C /* NYMovieReviewsTests.xctest */,
				9CBB26EC2149CDAB00D91A6C /* NYMovieReviewsUITests.xctest */,
			);
			name = Products;
			sourceTree = "<group>";
		};
		9CBB26CF2149CDA900D91A6C /* NYMovieReviews */ = {
			isa = PBXGroup;
			children = (
				9CBB2721214A378100D91A6C /* AppDelegates */,
				9CBB270E2149D5E400D91A6C /* Utils */,
				9CBB26FE2149CDBB00D91A6C /* Network */,
				9CBB2720214A376A00D91A6C /* Interactor */,
				9CBB2742214A76A400D91A6C /* Wireframe */,
				9CBB2724214A37BB00D91A6C /* Presenter */,
				9CBB2722214A379D00D91A6C /* Views */,
				9CBB2723214A37B100D91A6C /* Controllers */,
				9CBB26D72149CDAB00D91A6C /* Assets.xcassets */,
				9CBB26DC2149CDAB00D91A6C /* Info.plist */,
			);
			path = NYMovieReviews;
			sourceTree = "<group>";
		};
		9CBB26E42149CDAB00D91A6C /* NYMovieReviewsTests */ = {
			isa = PBXGroup;
			children = (
				9CBB26E52149CDAB00D91A6C /* NYMovieReviewsTests.swift */,
				9CBB26E72149CDAB00D91A6C /* Info.plist */,
			);
			path = NYMovieReviewsTests;
			sourceTree = "<group>";
		};
		9CBB26EF2149CDAB00D91A6C /* NYMovieReviewsUITests */ = {
			isa = PBXGroup;
			children = (
				9CBB26F02149CDAB00D91A6C /* NYMovieReviewsUITests.swift */,
				9CBB26F22149CDAB00D91A6C /* Info.plist */,
			);
			path = NYMovieReviewsUITests;
			sourceTree = "<group>";
		};
		9CBB26FE2149CDBB00D91A6C /* Network */ = {
			isa = PBXGroup;
			children = (
				9C0CF170214B08C900B4B9E4 /* ViewModels */,
				9CBB27122149D6FB00D91A6C /* Entities */,
				9CBB26FF2149CDC600D91A6C /* API */,
			);
			path = Network;
			sourceTree = "<group>";
		};
		9CBB26FF2149CDC600D91A6C /* API */ = {
			isa = PBXGroup;
			children = (
				9CBB27002149CDEE00D91A6C /* NYMoviesAPI.swift */,
				9CBB27022149CEC700D91A6C /* MoviesEndpointRouter.swift */,
				9CBB27042149D28000D91A6C /* Services */,
				9CBB27192149DB6F00D91A6C /* Managers */,
			);
			path = API;
			sourceTree = "<group>";
		};
		9CBB27042149D28000D91A6C /* Services */ = {
			isa = PBXGroup;
			children = (
				9CBB27052149D29B00D91A6C /* Protocols */,
				9CBB270C2149D41300D91A6C /* BaseService.swift */,
				9CBB270A2149D3FB00D91A6C /* MovieReviewService.swift */,
			);
			path = Services;
			sourceTree = "<group>";
		};
		9CBB27052149D29B00D91A6C /* Protocols */ = {
			isa = PBXGroup;
			children = (
				9CBB27062149D2C400D91A6C /* EndPointProtocol.swift */,
			);
			path = Protocols;
			sourceTree = "<group>";
		};
		9CBB270E2149D5E400D91A6C /* Utils */ = {
			isa = PBXGroup;
			children = (
				9C0CF176214B0E7B00B4B9E4 /* Formats */,
				9C0CF173214B0B1100B4B9E4 /* Extensions */,
				9CBB274C214A857C00D91A6C /* Constants */,
				9CBB2747214A831000D91A6C /* Themes */,
				9CBB273D214A746600D91A6C /* PopUps */,
				9CBB270F2149D5EC00D91A6C /* ErrorHandling */,
			);
			path = Utils;
			sourceTree = "<group>";
		};
		9CBB270F2149D5EC00D91A6C /* ErrorHandling */ = {
			isa = PBXGroup;
			children = (
				9CBB2745214A78BF00D91A6C /* NYMovieError.swift */,
				9CBB27102149D61F00D91A6C /* MovieNetworkError.swift */,
				9CBB271E2149DE1100D91A6C /* CodingErrors.swift */,
			);
			path = ErrorHandling;
			sourceTree = "<group>";
		};
		9CBB27122149D6FB00D91A6C /* Entities */ = {
			isa = PBXGroup;
			children = (
				9CBB27132149D72400D91A6C /* MovieReview.swift */,
				9CBB27152149D81000D91A6C /* Multimedia.swift */,
				9CBB27172149D93600D91A6C /* MovieResponse.swift */,
				9C0CF163214AE5E000B4B9E4 /* Link.swift */,
			);
			path = Entities;
			sourceTree = "<group>";
		};
		9CBB27192149DB6F00D91A6C /* Managers */ = {
			isa = PBXGroup;
			children = (
				9CBB2736214A5A8600D91A6C /* Protocols */,
				9CBB271A2149DB9C00D91A6C /* BaseManager.swift */,
				9CBB271C2149DC2300D91A6C /* MovieReviewManager.swift */,
			);
			path = Managers;
			sourceTree = "<group>";
		};
		9CBB2720214A376A00D91A6C /* Interactor */ = {
			isa = PBXGroup;
			children = (
				9CBB2732214A562200D91A6C /* BaseInteractor.swift */,
				9CBB2737214A5D5B00D91A6C /* MovieReviewInteractor.swift */,
			);
			path = Interactor;
			sourceTree = "<group>";
		};
		9CBB2721214A378100D91A6C /* AppDelegates */ = {
			isa = PBXGroup;
			children = (
				9CBB26D02149CDA900D91A6C /* AppDelegate.swift */,
			);
			path = AppDelegates;
			sourceTree = "<group>";
		};
		9CBB2722214A379D00D91A6C /* Views */ = {
			isa = PBXGroup;
			children = (
				9CBB2725214A380100D91A6C /* Storyboards */,
				9CBB2726214A381A00D91A6C /* Components */,
			);
			path = Views;
			sourceTree = "<group>";
		};
		9CBB2723214A37B100D91A6C /* Controllers */ = {
			isa = PBXGroup;
			children = (
				9CBB274A214A847700D91A6C /* BaseNavigationController.swift */,
				9C0CF161214ADF8000B4B9E4 /* BaseViewController.swift */,
				9CBB26D22149CDA900D91A6C /* MovieReviewViewController.swift */,
				9CBB274F214A953100D91A6C /* ReviewDetailsController.swift */,
				9C0CF165214AF06D00B4B9E4 /* WebPageController.swift */,
			);
			path = Controllers;
			sourceTree = "<group>";
		};
		9CBB2724214A37BB00D91A6C /* Presenter */ = {
			isa = PBXGroup;
			children = (
				9CBB2739214A64DB00D91A6C /* BasePresenter.swift */,
				9CBB273B214A661400D91A6C /* MovieReviewPresenter.swift */,
			);
			path = Presenter;
			sourceTree = "<group>";
		};
		9CBB2725214A380100D91A6C /* Storyboards */ = {
			isa = PBXGroup;
			children = (
				9CBB26D42149CDA900D91A6C /* Main.storyboard */,
				9CBB26D92149CDAB00D91A6C /* LaunchScreen.storyboard */,
			);
			path = Storyboards;
			sourceTree = "<group>";
		};
		9CBB2726214A381A00D91A6C /* Components */ = {
			isa = PBXGroup;
			children = (
				9C0CF16D214B023100B4B9E4 /* Images */,
				9C0CF16A214B01A400B4B9E4 /* Tables */,
				9C0CF169214B018100B4B9E4 /* Cells */,
				9CBB2727214A398600D91A6C /* Xibs */,
				9C0CF167214AF9E100B4B9E4 /* EmptyBackgroundView.swift */,
			);
			path = Components;
			sourceTree = "<group>";
		};
		9CBB2727214A398600D91A6C /* Xibs */ = {
			isa = PBXGroup;
			children = (
				9CBB272B214A3C1500D91A6C /* MovieReviewCell.xib */,
			);
			path = Xibs;
			sourceTree = "<group>";
		};
		9CBB2736214A5A8600D91A6C /* Protocols */ = {
			isa = PBXGroup;
			children = (
				9CBB2734214A5A8100D91A6C /* LocatableManager.swift */,
			);
			path = Protocols;
			sourceTree = "<group>";
		};
		9CBB273D214A746600D91A6C /* PopUps */ = {
			isa = PBXGroup;
			children = (
				9CBB273E214A747C00D91A6C /* AlertCreator.swift */,
				9CBB2740214A75E300D91A6C /* ErrorShowable.swift */,
			);
			path = PopUps;
			sourceTree = "<group>";
		};
		9CBB2742214A76A400D91A6C /* Wireframe */ = {
			isa = PBXGroup;
			children = (
				9CBB2743214A773400D91A6C /* WireFrame.swift */,
			);
			path = Wireframe;
			sourceTree = "<group>";
		};
		9CBB2747214A831000D91A6C /* Themes */ = {
			isa = PBXGroup;
			children = (
				9CBB2748214A832100D91A6C /* ThemeColor.swift */,
			);
			path = Themes;
			sourceTree = "<group>";
		};
		9CBB274C214A857C00D91A6C /* Constants */ = {
			isa = PBXGroup;
			children = (
				9CBB274D214A868900D91A6C /* MovieConstants.swift */,
			);
			path = Constants;
			sourceTree = "<group>";
		};
/* End PBXGroup section */

/* Begin PBXNativeTarget section */
		9CBB26CC2149CDA900D91A6C /* NYMovieReviews */ = {
			isa = PBXNativeTarget;
			buildConfigurationList = 9CBB26F52149CDAB00D91A6C /* Build configuration list for PBXNativeTarget "NYMovieReviews" */;
			buildPhases = (
				9CBB26C92149CDA900D91A6C /* Sources */,
				9CBB26CA2149CDA900D91A6C /* Frameworks */,
				9CBB26CB2149CDA900D91A6C /* Resources */,
			);
			buildRules = (
			);
			dependencies = (
			);
			name = NYMovieReviews;
			productName = NYMovieReviews;
			productReference = 9CBB26CD2149CDA900D91A6C /* NYMovieReviews.app */;
			productType = "com.apple.product-type.application";
		};
		9CBB26E02149CDAB00D91A6C /* NYMovieReviewsTests */ = {
			isa = PBXNativeTarget;
			buildConfigurationList = 9CBB26F82149CDAB00D91A6C /* Build configuration list for PBXNativeTarget "NYMovieReviewsTests" */;
			buildPhases = (
				9CBB26DD2149CDAB00D91A6C /* Sources */,
				9CBB26DE2149CDAB00D91A6C /* Frameworks */,
				9CBB26DF2149CDAB00D91A6C /* Resources */,
			);
			buildRules = (
			);
			dependencies = (
				9CBB26E32149CDAB00D91A6C /* PBXTargetDependency */,
			);
			name = NYMovieReviewsTests;
			productName = NYMovieReviewsTests;
			productReference = 9CBB26E12149CDAB00D91A6C /* NYMovieReviewsTests.xctest */;
			productType = "com.apple.product-type.bundle.unit-test";
		};
		9CBB26EB2149CDAB00D91A6C /* NYMovieReviewsUITests */ = {
			isa = PBXNativeTarget;
			buildConfigurationList = 9CBB26FB2149CDAB00D91A6C /* Build configuration list for PBXNativeTarget "NYMovieReviewsUITests" */;
			buildPhases = (
				9CBB26E82149CDAB00D91A6C /* Sources */,
				9CBB26E92149CDAB00D91A6C /* Frameworks */,
				9CBB26EA2149CDAB00D91A6C /* Resources */,
			);
			buildRules = (
			);
			dependencies = (
				9CBB26EE2149CDAB00D91A6C /* PBXTargetDependency */,
			);
			name = NYMovieReviewsUITests;
			productName = NYMovieReviewsUITests;
			productReference = 9CBB26EC2149CDAB00D91A6C /* NYMovieReviewsUITests.xctest */;
			productType = "com.apple.product-type.bundle.ui-testing";
		};
/* End PBXNativeTarget section */

/* Begin PBXProject section */
		9CBB26C52149CDA900D91A6C /* Project object */ = {
			isa = PBXProject;
			attributes = {
				LastSwiftUpdateCheck = 0940;
				LastUpgradeCheck = 0940;
				ORGANIZATIONNAME = tonio;
				TargetAttributes = {
					9CBB26CC2149CDA900D91A6C = {
						CreatedOnToolsVersion = 9.4.1;
					};
					9CBB26E02149CDAB00D91A6C = {
						CreatedOnToolsVersion = 9.4.1;
						TestTargetID = 9CBB26CC2149CDA900D91A6C;
					};
					9CBB26EB2149CDAB00D91A6C = {
						CreatedOnToolsVersion = 9.4.1;
						TestTargetID = 9CBB26CC2149CDA900D91A6C;
					};
				};
			};
			buildConfigurationList = 9CBB26C82149CDA900D91A6C /* Build configuration list for PBXProject "NYMovieReviews" */;
			compatibilityVersion = "Xcode 9.3";
			developmentRegion = en;
			hasScannedForEncodings = 0;
			knownRegions = (
				en,
				Base,
			);
			mainGroup = 9CBB26C42149CDA900D91A6C;
			productRefGroup = 9CBB26CE2149CDA900D91A6C /* Products */;
			projectDirPath = "";
			projectRoot = "";
			targets = (
				9CBB26CC2149CDA900D91A6C /* NYMovieReviews */,
				9CBB26E02149CDAB00D91A6C /* NYMovieReviewsTests */,
				9CBB26EB2149CDAB00D91A6C /* NYMovieReviewsUITests */,
			);
		};
/* End PBXProject section */

/* Begin PBXResourcesBuildPhase section */
		9CBB26CB2149CDA900D91A6C /* Resources */ = {
			isa = PBXResourcesBuildPhase;
			buildActionMask = 2147483647;
			files = (
				9CBB26DB2149CDAB00D91A6C /* LaunchScreen.storyboard in Resources */,
				9CBB26D82149CDAB00D91A6C /* Assets.xcassets in Resources */,
				9CBB272D214A3C1500D91A6C /* MovieReviewCell.xib in Resources */,
				9CBB26D62149CDA900D91A6C /* Main.storyboard in Resources */,
			);
			runOnlyForDeploymentPostprocessing = 0;
		};
		9CBB26DF2149CDAB00D91A6C /* Resources */ = {
			isa = PBXResourcesBuildPhase;
			buildActionMask = 2147483647;
			files = (
			);
			runOnlyForDeploymentPostprocessing = 0;
		};
		9CBB26EA2149CDAB00D91A6C /* Resources */ = {
			isa = PBXResourcesBuildPhase;
			buildActionMask = 2147483647;
			files = (
			);
			runOnlyForDeploymentPostprocessing = 0;
		};
/* End PBXResourcesBuildPhase section */

/* Begin PBXSourcesBuildPhase section */
		9CBB26C92149CDA900D91A6C /* Sources */ = {
			isa = PBXSourcesBuildPhase;
			buildActionMask = 2147483647;
			files = (
				9CBB271F2149DE1100D91A6C /* CodingErrors.swift in Sources */,
				9CBB270D2149D41300D91A6C /* BaseService.swift in Sources */,
				9CBB272C214A3C1500D91A6C /* MovieReviewCell.swift in Sources */,
				9CBB272F214A454A00D91A6C /* BaseTableViewCell.swift in Sources */,
				9CBB271D2149DC2300D91A6C /* MovieReviewManager.swift in Sources */,
				9C0CF166214AF06D00B4B9E4 /* WebPageController.swift in Sources */,
				9CBB27162149D81000D91A6C /* Multimedia.swift in Sources */,
				9CBB27012149CDEE00D91A6C /* NYMoviesAPI.swift in Sources */,
				9CBB2731214A4C9000D91A6C /* MovieReviewTableView.swift in Sources */,
				9CBB271B2149DB9C00D91A6C /* BaseManager.swift in Sources */,
				9C0CF175214B0E4F00B4B9E4 /* String+ConvertDateString.swift in Sources */,
				9CBB26D32149CDA900D91A6C /* MovieReviewViewController.swift in Sources */,
				9CBB270B2149D3FB00D91A6C /* MovieReviewService.swift in Sources */,
				9C0CF16F214B025900B4B9E4 /* DiscardableImageCacheItem.swift in Sources */,
				9C0CF172214B0AF200B4B9E4 /* MovieReviewViewModel.swift in Sources */,
				9CBB2741214A75E300D91A6C /* ErrorShowable.swift in Sources */,
				9CBB27072149D2C400D91A6C /* EndPointProtocol.swift in Sources */,
				9C0CF162214ADF8000B4B9E4 /* BaseViewController.swift in Sources */,
				9C0CF178214B0E9300B4B9E4 /* DateFormat.swift in Sources */,
				9CBB27142149D72400D91A6C /* MovieReview.swift in Sources */,
				9C0CF164214AE5E000B4B9E4 /* Link.swift in Sources */,
				9CBB273F214A747C00D91A6C /* AlertCreator.swift in Sources */,
				9CBB27032149CEC700D91A6C /* MoviesEndpointRouter.swift in Sources */,
				9CBB2729214A3AC700D91A6C /* BaseTableView.swift in Sources */,
				9CBB273C214A661400D91A6C /* MovieReviewPresenter.swift in Sources */,
				9C0CF168214AF9E100B4B9E4 /* EmptyBackgroundView.swift in Sources */,
				9CBB274B214A847700D91A6C /* BaseNavigationController.swift in Sources */,
				9CBB2744214A773400D91A6C /* WireFrame.swift in Sources */,
				9CBB27182149D93600D91A6C /* MovieResponse.swift in Sources */,
				9CBB27112149D61F00D91A6C /* MovieNetworkError.swift in Sources */,
				9CBB26D12149CDA900D91A6C /* AppDelegate.swift in Sources */,
				9CBB2733214A562200D91A6C /* BaseInteractor.swift in Sources */,
				9CBB2735214A5A8100D91A6C /* LocatableManager.swift in Sources */,
				9CBB2746214A78BF00D91A6C /* NYMovieError.swift in Sources */,
				9CBB2749214A832100D91A6C /* ThemeColor.swift in Sources */,
				9CBB2738214A5D5B00D91A6C /* MovieReviewInteractor.swift in Sources */,
				9CBB274E214A868900D91A6C /* MovieConstants.swift in Sources */,
				9CBB2750214A953100D91A6C /* ReviewDetailsController.swift in Sources */,
				9C0CF16C214B01FA00B4B9E4 /* CachedImageView.swift in Sources */,
				9CBB273A214A64DB00D91A6C /* BasePresenter.swift in Sources */,
			);
			runOnlyForDeploymentPostprocessing = 0;
		};
		9CBB26DD2149CDAB00D91A6C /* Sources */ = {
			isa = PBXSourcesBuildPhase;
			buildActionMask = 2147483647;
			files = (
				9CBB26E62149CDAB00D91A6C /* NYMovieReviewsTests.swift in Sources */,
			);
			runOnlyForDeploymentPostprocessing = 0;
		};
		9CBB26E82149CDAB00D91A6C /* Sources */ = {
			isa = PBXSourcesBuildPhase;
			buildActionMask = 2147483647;
			files = (
				9CBB26F12149CDAB00D91A6C /* NYMovieReviewsUITests.swift in Sources */,
			);
			runOnlyForDeploymentPostprocessing = 0;
		};
/* End PBXSourcesBuildPhase section */

/* Begin PBXTargetDependency section */
		9CBB26E32149CDAB00D91A6C /* PBXTargetDependency */ = {
			isa = PBXTargetDependency;
			target = 9CBB26CC2149CDA900D91A6C /* NYMovieReviews */;
			targetProxy = 9CBB26E22149CDAB00D91A6C /* PBXContainerItemProxy */;
		};
		9CBB26EE2149CDAB00D91A6C /* PBXTargetDependency */ = {
			isa = PBXTargetDependency;
			target = 9CBB26CC2149CDA900D91A6C /* NYMovieReviews */;
			targetProxy = 9CBB26ED2149CDAB00D91A6C /* PBXContainerItemProxy */;
		};
/* End PBXTargetDependency section */

/* Begin PBXVariantGroup section */
		9CBB26D42149CDA900D91A6C /* Main.storyboard */ = {
			isa = PBXVariantGroup;
			children = (
				9CBB26D52149CDA900D91A6C /* Base */,
			);
			name = Main.storyboard;
			sourceTree = "<group>";
		};
		9CBB26D92149CDAB00D91A6C /* LaunchScreen.storyboard */ = {
			isa = PBXVariantGroup;
			children = (
				9CBB26DA2149CDAB00D91A6C /* Base */,
			);
			name = LaunchScreen.storyboard;
			sourceTree = "<group>";
		};
/* End PBXVariantGroup section */

/* Begin XCBuildConfiguration section */
		9CBB26F32149CDAB00D91A6C /* Debug */ = {
			isa = XCBuildConfiguration;
			buildSettings = {
				ALWAYS_SEARCH_USER_PATHS = NO;
				CLANG_ANALYZER_NONNULL = YES;
				CLANG_ANALYZER_NUMBER_OBJECT_CONVERSION = YES_AGGRESSIVE;
				CLANG_CXX_LANGUAGE_STANDARD = "gnu++14";
				CLANG_CXX_LIBRARY = "libc++";
				CLANG_ENABLE_MODULES = YES;
				CLANG_ENABLE_OBJC_ARC = YES;
				CLANG_ENABLE_OBJC_WEAK = YES;
				CLANG_WARN_BLOCK_CAPTURE_AUTORELEASING = YES;
				CLANG_WARN_BOOL_CONVERSION = YES;
				CLANG_WARN_COMMA = YES;
				CLANG_WARN_CONSTANT_CONVERSION = YES;
				CLANG_WARN_DEPRECATED_OBJC_IMPLEMENTATIONS = YES;
				CLANG_WARN_DIRECT_OBJC_ISA_USAGE = YES_ERROR;
				CLANG_WARN_DOCUMENTATION_COMMENTS = YES;
				CLANG_WARN_EMPTY_BODY = YES;
				CLANG_WARN_ENUM_CONVERSION = YES;
				CLANG_WARN_INFINITE_RECURSION = YES;
				CLANG_WARN_INT_CONVERSION = YES;
				CLANG_WARN_NON_LITERAL_NULL_CONVERSION = YES;
				CLANG_WARN_OBJC_IMPLICIT_RETAIN_SELF = YES;
				CLANG_WARN_OBJC_LITERAL_CONVERSION = YES;
				CLANG_WARN_OBJC_ROOT_CLASS = YES_ERROR;
				CLANG_WARN_RANGE_LOOP_ANALYSIS = YES;
				CLANG_WARN_STRICT_PROTOTYPES = YES;
				CLANG_WARN_SUSPICIOUS_MOVE = YES;
				CLANG_WARN_UNGUARDED_AVAILABILITY = YES_AGGRESSIVE;
				CLANG_WARN_UNREACHABLE_CODE = YES;
				CLANG_WARN__DUPLICATE_METHOD_MATCH = YES;
				CODE_SIGN_IDENTITY = "iPhone Developer";
				COPY_PHASE_STRIP = NO;
				DEBUG_INFORMATION_FORMAT = dwarf;
				ENABLE_STRICT_OBJC_MSGSEND = YES;
				ENABLE_TESTABILITY = YES;
				GCC_C_LANGUAGE_STANDARD = gnu11;
				GCC_DYNAMIC_NO_PIC = NO;
				GCC_NO_COMMON_BLOCKS = YES;
				GCC_OPTIMIZATION_LEVEL = 0;
				GCC_PREPROCESSOR_DEFINITIONS = (
					"DEBUG=1",
					"$(inherited)",
				);
				GCC_WARN_64_TO_32_BIT_CONVERSION = YES;
				GCC_WARN_ABOUT_RETURN_TYPE = YES_ERROR;
				GCC_WARN_UNDECLARED_SELECTOR = YES;
				GCC_WARN_UNINITIALIZED_AUTOS = YES_AGGRESSIVE;
				GCC_WARN_UNUSED_FUNCTION = YES;
				GCC_WARN_UNUSED_VARIABLE = YES;
				IPHONEOS_DEPLOYMENT_TARGET = 11.4;
				MTL_ENABLE_DEBUG_INFO = YES;
				ONLY_ACTIVE_ARCH = YES;
				SDKROOT = iphoneos;
				SWIFT_ACTIVE_COMPILATION_CONDITIONS = DEBUG;
				SWIFT_OPTIMIZATION_LEVEL = "-Onone";
			};
			name = Debug;
		};
		9CBB26F42149CDAB00D91A6C /* Release */ = {
			isa = XCBuildConfiguration;
			buildSettings = {
				ALWAYS_SEARCH_USER_PATHS = NO;
				CLANG_ANALYZER_NONNULL = YES;
				CLANG_ANALYZER_NUMBER_OBJECT_CONVERSION = YES_AGGRESSIVE;
				CLANG_CXX_LANGUAGE_STANDARD = "gnu++14";
				CLANG_CXX_LIBRARY = "libc++";
				CLANG_ENABLE_MODULES = YES;
				CLANG_ENABLE_OBJC_ARC = YES;
				CLANG_ENABLE_OBJC_WEAK = YES;
				CLANG_WARN_BLOCK_CAPTURE_AUTORELEASING = YES;
				CLANG_WARN_BOOL_CONVERSION = YES;
				CLANG_WARN_COMMA = YES;
				CLANG_WARN_CONSTANT_CONVERSION = YES;
				CLANG_WARN_DEPRECATED_OBJC_IMPLEMENTATIONS = YES;
				CLANG_WARN_DIRECT_OBJC_ISA_USAGE = YES_ERROR;
				CLANG_WARN_DOCUMENTATION_COMMENTS = YES;
				CLANG_WARN_EMPTY_BODY = YES;
				CLANG_WARN_ENUM_CONVERSION = YES;
				CLANG_WARN_INFINITE_RECURSION = YES;
				CLANG_WARN_INT_CONVERSION = YES;
				CLANG_WARN_NON_LITERAL_NULL_CONVERSION = YES;
				CLANG_WARN_OBJC_IMPLICIT_RETAIN_SELF = YES;
				CLANG_WARN_OBJC_LITERAL_CONVERSION = YES;
				CLANG_WARN_OBJC_ROOT_CLASS = YES_ERROR;
				CLANG_WARN_RANGE_LOOP_ANALYSIS = YES;
				CLANG_WARN_STRICT_PROTOTYPES = YES;
				CLANG_WARN_SUSPICIOUS_MOVE = YES;
				CLANG_WARN_UNGUARDED_AVAILABILITY = YES_AGGRESSIVE;
				CLANG_WARN_UNREACHABLE_CODE = YES;
				CLANG_WARN__DUPLICATE_METHOD_MATCH = YES;
				CODE_SIGN_IDENTITY = "iPhone Developer";
				COPY_PHASE_STRIP = NO;
				DEBUG_INFORMATION_FORMAT = "dwarf-with-dsym";
				ENABLE_NS_ASSERTIONS = NO;
				ENABLE_STRICT_OBJC_MSGSEND = YES;
				GCC_C_LANGUAGE_STANDARD = gnu11;
				GCC_NO_COMMON_BLOCKS = YES;
				GCC_WARN_64_TO_32_BIT_CONVERSION = YES;
				GCC_WARN_ABOUT_RETURN_TYPE = YES_ERROR;
				GCC_WARN_UNDECLARED_SELECTOR = YES;
				GCC_WARN_UNINITIALIZED_AUTOS = YES_AGGRESSIVE;
				GCC_WARN_UNUSED_FUNCTION = YES;
				GCC_WARN_UNUSED_VARIABLE = YES;
				IPHONEOS_DEPLOYMENT_TARGET = 11.4;
				MTL_ENABLE_DEBUG_INFO = NO;
				SDKROOT = iphoneos;
				SWIFT_COMPILATION_MODE = wholemodule;
				SWIFT_OPTIMIZATION_LEVEL = "-O";
				VALIDATE_PRODUCT = YES;
			};
			name = Release;
		};
		9CBB26F62149CDAB00D91A6C /* Debug */ = {
			isa = XCBuildConfiguration;
			buildSettings = {
				ASSETCATALOG_COMPILER_APPICON_NAME = AppIcon;
				CODE_SIGN_STYLE = Automatic;
				DEVELOPMENT_TEAM = H9SZPBU2NR;
				INFOPLIST_FILE = NYMovieReviews/Info.plist;
				LD_RUNPATH_SEARCH_PATHS = (
					"$(inherited)",
					"@executable_path/Frameworks",
				);
				PRODUCT_BUNDLE_IDENTIFIER = com.tonio.NYMovieReviews;
				PRODUCT_NAME = "$(TARGET_NAME)";
				SWIFT_VERSION = 4.0;
				TARGETED_DEVICE_FAMILY = "1,2";
			};
			name = Debug;
		};
		9CBB26F72149CDAB00D91A6C /* Release */ = {
			isa = XCBuildConfiguration;
			buildSettings = {
				ASSETCATALOG_COMPILER_APPICON_NAME = AppIcon;
				CODE_SIGN_STYLE = Automatic;
				DEVELOPMENT_TEAM = H9SZPBU2NR;
				INFOPLIST_FILE = NYMovieReviews/Info.plist;
				LD_RUNPATH_SEARCH_PATHS = (
					"$(inherited)",
					"@executable_path/Frameworks",
				);
				PRODUCT_BUNDLE_IDENTIFIER = com.tonio.NYMovieReviews;
				PRODUCT_NAME = "$(TARGET_NAME)";
				SWIFT_VERSION = 4.0;
				TARGETED_DEVICE_FAMILY = "1,2";
			};
			name = Release;
		};
		9CBB26F92149CDAB00D91A6C /* Debug */ = {
			isa = XCBuildConfiguration;
			buildSettings = {
				ALWAYS_EMBED_SWIFT_STANDARD_LIBRARIES = YES;
				BUNDLE_LOADER = "$(TEST_HOST)";
				CODE_SIGN_STYLE = Automatic;
				DEVELOPMENT_TEAM = H9SZPBU2NR;
				INFOPLIST_FILE = NYMovieReviewsTests/Info.plist;
				LD_RUNPATH_SEARCH_PATHS = (
					"$(inherited)",
					"@executable_path/Frameworks",
					"@loader_path/Frameworks",
				);
				PRODUCT_BUNDLE_IDENTIFIER = com.tonio.NYMovieReviewsTests;
				PRODUCT_NAME = "$(TARGET_NAME)";
				SWIFT_VERSION = 4.0;
				TARGETED_DEVICE_FAMILY = "1,2";
				TEST_HOST = "$(BUILT_PRODUCTS_DIR)/NYMovieReviews.app/NYMovieReviews";
			};
			name = Debug;
		};
		9CBB26FA2149CDAB00D91A6C /* Release */ = {
			isa = XCBuildConfiguration;
			buildSettings = {
				ALWAYS_EMBED_SWIFT_STANDARD_LIBRARIES = YES;
				BUNDLE_LOADER = "$(TEST_HOST)";
				CODE_SIGN_STYLE = Automatic;
				DEVELOPMENT_TEAM = H9SZPBU2NR;
				INFOPLIST_FILE = NYMovieReviewsTests/Info.plist;
				LD_RUNPATH_SEARCH_PATHS = (
					"$(inherited)",
					"@executable_path/Frameworks",
					"@loader_path/Frameworks",
				);
				PRODUCT_BUNDLE_IDENTIFIER = com.tonio.NYMovieReviewsTests;
				PRODUCT_NAME = "$(TARGET_NAME)";
				SWIFT_VERSION = 4.0;
				TARGETED_DEVICE_FAMILY = "1,2";
				TEST_HOST = "$(BUILT_PRODUCTS_DIR)/NYMovieReviews.app/NYMovieReviews";
			};
			name = Release;
		};
		9CBB26FC2149CDAB00D91A6C /* Debug */ = {
			isa = XCBuildConfiguration;
			buildSettings = {
				ALWAYS_EMBED_SWIFT_STANDARD_LIBRARIES = YES;
				CODE_SIGN_STYLE = Automatic;
				DEVELOPMENT_TEAM = H9SZPBU2NR;
				INFOPLIST_FILE = NYMovieReviewsUITests/Info.plist;
				LD_RUNPATH_SEARCH_PATHS = (
					"$(inherited)",
					"@executable_path/Frameworks",
					"@loader_path/Frameworks",
				);
				PRODUCT_BUNDLE_IDENTIFIER = com.tonio.NYMovieReviewsUITests;
				PRODUCT_NAME = "$(TARGET_NAME)";
				SWIFT_VERSION = 4.0;
				TARGETED_DEVICE_FAMILY = "1,2";
				TEST_TARGET_NAME = NYMovieReviews;
			};
			name = Debug;
		};
		9CBB26FD2149CDAB00D91A6C /* Release */ = {
			isa = XCBuildConfiguration;
			buildSettings = {
				ALWAYS_EMBED_SWIFT_STANDARD_LIBRARIES = YES;
				CODE_SIGN_STYLE = Automatic;
				DEVELOPMENT_TEAM = H9SZPBU2NR;
				INFOPLIST_FILE = NYMovieReviewsUITests/Info.plist;
				LD_RUNPATH_SEARCH_PATHS = (
					"$(inherited)",
					"@executable_path/Frameworks",
					"@loader_path/Frameworks",
				);
				PRODUCT_BUNDLE_IDENTIFIER = com.tonio.NYMovieReviewsUITests;
				PRODUCT_NAME = "$(TARGET_NAME)";
				SWIFT_VERSION = 4.0;
				TARGETED_DEVICE_FAMILY = "1,2";
				TEST_TARGET_NAME = NYMovieReviews;
			};
			name = Release;
		};
/* End XCBuildConfiguration section */

/* Begin XCConfigurationList section */
		9CBB26C82149CDA900D91A6C /* Build configuration list for PBXProject "NYMovieReviews" */ = {
			isa = XCConfigurationList;
			buildConfigurations = (
				9CBB26F32149CDAB00D91A6C /* Debug */,
				9CBB26F42149CDAB00D91A6C /* Release */,
			);
			defaultConfigurationIsVisible = 0;
			defaultConfigurationName = Release;
		};
		9CBB26F52149CDAB00D91A6C /* Build configuration list for PBXNativeTarget "NYMovieReviews" */ = {
			isa = XCConfigurationList;
			buildConfigurations = (
				9CBB26F62149CDAB00D91A6C /* Debug */,
				9CBB26F72149CDAB00D91A6C /* Release */,
			);
			defaultConfigurationIsVisible = 0;
			defaultConfigurationName = Release;
		};
		9CBB26F82149CDAB00D91A6C /* Build configuration list for PBXNativeTarget "NYMovieReviewsTests" */ = {
			isa = XCConfigurationList;
			buildConfigurations = (
				9CBB26F92149CDAB00D91A6C /* Debug */,
				9CBB26FA2149CDAB00D91A6C /* Release */,
			);
			defaultConfigurationIsVisible = 0;
			defaultConfigurationName = Release;
		};
		9CBB26FB2149CDAB00D91A6C /* Build configuration list for PBXNativeTarget "NYMovieReviewsUITests" */ = {
			isa = XCConfigurationList;
			buildConfigurations = (
				9CBB26FC2149CDAB00D91A6C /* Debug */,
				9CBB26FD2149CDAB00D91A6C /* Release */,
			);
			defaultConfigurationIsVisible = 0;
			defaultConfigurationName = Release;
		};
/* End XCConfigurationList section */
	};
	rootObject = 9CBB26C52149CDA900D91A6C /* Project object */;
}
